
Microsoft Visual Studio Solution File, Format Version 12.00
# Visual Studio Version 16
VisualStudioVersion = 16.0.31624.102
MinimumVisualStudioVersion = 10.0.40219.1
Project("{FAE04EC0-301F-11D3-BF4B-00C04F79EFBC}") = "WebApiDemo", "WebApiDemo\WebApiDemo.csproj", "{C7EC4122-F342-4DDA-A397-787F8F63E99C}"
EndProject
Project("{FAE04EC0-301F-11D3-BF4B-00C04F79EFBC}") = "EmployeeDataAccess", "EmployeeDataAccess\EmployeeDataAccess.csproj", "{7FBDE18C-4435-4DAC-B09D-9C4BB3FB3F72}"
EndProject
Global
	GlobalSection(SolutionConfigurationPlatforms) = preSolution
		Debug|Any CPU = Debug|Any CPU
		Release|Any CPU = Release|Any CPU
	EndGlobalSection
	GlobalSection(ProjectConfigurationPlatforms) = postSolution
		{C7EC4122-F342-4DDA-A397-787F8F63E99C}.Debug|Any CPU.ActiveCfg = Debug|Any CPU
		{C7EC4122-F342-4DDA-A397-787F8F63E99C}.Debug|Any CPU.Build.0 = Debug|Any CPU
		{C7EC4122-F342-4DDA-A397-787F8F63E99C}.Release|Any CPU.ActiveCfg = Release|Any CPU
		{C7EC4122-F342-4DDA-A397-787F8F63E99C}.Release|Any CPU.Build.0 = Release|Any CPU
		{7FBDE18C-4435-4DAC-B09D-9C4BB3FB3F72}.Debug|Any CPU.ActiveCfg = Debug|Any CPU
		{7FBDE18C-4435-4DAC-B09D-9C4BB3FB3F72}.Debug|Any CPU.Build.0 = Debug|Any CPU
		{7FBDE18C-4435-4DAC-B09D-9C4BB3FB3F72}.Release|Any CPU.ActiveCfg = Release|Any CPU
		{7FBDE18C-4435-4DAC-B09D-9C4BB3FB3F72}.Release|Any CPU.Build.0 = Release|Any CPU
	EndGlobalSection
	GlobalSection(SolutionProperties) = preSolution
		HideSolutionNode = FALSE
	EndGlobalSection
	GlobalSection(ExtensibilityGlobals) = postSolution
		SolutionGuid = {A152BAFA-3427-4762-9CC9-86538B6A872E}
	EndGlobalSection
EndGlobal
